{
  "name": "@cuttleai/visualizations-ng",
  "version": "0.0.56",
  "lockfileVersion": 1,
  "requires": true,
  "dependencies": {
    "@cuttleai/visualizations": {
      "version": "0.0.57",
      "resolved": "https://registry.npmjs.org/@cuttleai/visualizations/-/visualizations-0.0.57.tgz",
      "integrity": "sha512-GJslZZo6ps7z1EEXXiVQwusdFFLcMQ9bPnomCwPgxJn79eI8lPI1BLw8M72jocAuVgM+ttkNa3hSeAj9pBDyZw==",
      "requires": {
        "@types/lodash": "^4.14.150",
        "datatables.net": "^1.10.20",
        "datatables.net-dt": "^1.10.20",
        "highcharts": "^8.0.4",
        "jquery": "^3.5.0",
        "lodash": "^4.17.15"
      }
    },
    "@types/lodash": {
      "version": "4.14.152",
      "resolved": "https://registry.npmjs.org/@types/lodash/-/lodash-4.14.152.tgz",
      "integrity": "sha512-Vwf9YF2x1GE3WNeUMjT5bTHa2DqgUo87ocdgTScupY2JclZ5Nn7W2RLM/N0+oreexUk8uaVugR81NnTY/jNNXg=="
    },
    "datatables.net": {
      "version": "1.10.21",
      "resolved": "https://registry.npmjs.org/datatables.net/-/datatables.net-1.10.21.tgz",
      "integrity": "sha512-/bSZtxmf3GTpYcvEmwZ8q26I1yhSx8qklR2B+s1K8+/51UW/zc2zTYwJMqr/Z+iCYixAc00ildj4g2x0Qamolw==",
      "requires": {
        "jquery": ">=1.7"
      }
    },
    "datatables.net-dt": {
      "version": "1.10.21",
      "resolved": "https://registry.npmjs.org/datatables.net-dt/-/datatables.net-dt-1.10.21.tgz",
      "integrity": "sha512-P89PgkhVCB6shP0CbigmB1Z812yfdfhvAbUdg08mLuF7tuvLFPQC9F+WIV30Hj9mgMsPALWAEJEYAA3aJjuqIA==",
      "requires": {
        "datatables.net": "1.10.21",
        "jquery": ">=1.7"
      }
    },
    "highcharts": {
      "version": "8.1.0",
      "resolved": "https://registry.npmjs.org/highcharts/-/highcharts-8.1.0.tgz",
      "integrity": "sha512-4KXq9t2/PU0cqKUtET7om9Kh5AyOinIn4vYi62oYVsb4ql5wyUYW06f9Si/ERG2Thoy/rcwNmR77upKjg8xhqQ=="
    },
    "jquery": {
      "version": "3.5.1",
      "resolved": "https://registry.npmjs.org/jquery/-/jquery-3.5.1.tgz",
      "integrity": "sha512-XwIBPqcMn57FxfT+Go5pzySnm4KWkT1Tv7gjrpT1srtf8Weynl6R273VJ5GjkRb51IzMp5nbaPjJXMWeju2MKg=="
    },
    "lodash": {
      "version": "4.17.15",
      "resolved": "https://registry.npmjs.org/lodash/-/lodash-4.17.15.tgz",
      "integrity": "sha512-8xOcRHvCjnocdS5cpwXQXVzmmh5e5+saE2QGoeQmbKmRS6J3VQppPOIt0MnmE+4xlZoumy0GPG0D0MVIQbNA1A=="
    }
  }
}
